
Microsoft Visual Studio Solution File, Format Version 12.00
Project("{FAE04EC0-301F-11D3-BF4B-00C04F79EFBC}") = "UndoWithCommandPattern", "UndoWithCommandPattern\UndoWithCommandPattern.csproj", "{C59B0F78-77CA-4D6F-A3DB-C2E879BA85F7}"
EndProject
Global
	GlobalSection(SolutionConfigurationPlatforms) = preSolution
		Debug|Any CPU = Debug|Any CPU
		Release|Any CPU = Release|Any CPU
	EndGlobalSection
	GlobalSection(ProjectConfigurationPlatforms) = postSolution
		{C59B0F78-77CA-4D6F-A3DB-C2E879BA85F7}.Debug|Any CPU.ActiveCfg = Debug|Any CPU
		{C59B0F78-77CA-4D6F-A3DB-C2E879BA85F7}.Debug|Any CPU.Build.0 = Debug|Any CPU
		{C59B0F78-77CA-4D6F-A3DB-C2E879BA85F7}.Release|Any CPU.ActiveCfg = Release|Any CPU
		{C59B0F78-77CA-4D6F-A3DB-C2E879BA85F7}.Release|Any CPU.Build.0 = Release|Any CPU
	EndGlobalSection
EndGlobal
